// !$*UTF8*$!
{
	archiveVersion = 1;
	classes = {
	};
	objectVersion = 77;
	objects = {

/* Begin PBXBuildFile section */
		CF78B2812D3326BB00F9100E /* QuotelyApp.swift in Sources */ = {isa = PBXBuildFile; fileRef = CF78B2802D3326BB00F9100E /* QuotelyApp.swift */; };
		CF78B2852D3326BC00F9100E /* Assets.xcassets in Resources */ = {isa = PBXBuildFile; fileRef = CF78B2842D3326BC00F9100E /* Assets.xcassets */; };
		CF78B2A62D33277A00F9100E /* Info.plist in Resources */ = {isa = PBXBuildFile; fileRef = CF78B2A52D33277A00F9100E /* Info.plist */; };
		CF78B2A72D33277A00F9100E /* AuthorDetailView.swift in Sources */ = {isa = PBXBuildFile; fileRef = CF78B2A02D33277A00F9100E /* AuthorDetailView.swift */; };
		CF78B2A82D33277A00F9100E /* Quote.swift in Sources */ = {isa = PBXBuildFile; fileRef = CF78B2932D33277A00F9100E /* Quote.swift */; };
		CF78B2A92D33277A00F9100E /* AuthorListView.swift in Sources */ = {isa = PBXBuildFile; fileRef = CF78B29C2D33277A00F9100E /* AuthorListView.swift */; };
		CF78B2AA2D33277A00F9100E /* ErrorView.swift in Sources */ = {isa = PBXBuildFile; fileRef = CF78B2A32D33277A00F9100E /* ErrorView.swift */; };
		CF78B2AB2D33277A00F9100E /* AuthorService.swift in Sources */ = {isa = PBXBuildFile; fileRef = CF78B2992D33277A00F9100E /* AuthorService.swift */; };
		CF78B2AC2D33277A00F9100E /* UnsplashService.swift in Sources */ = {isa = PBXBuildFile; fileRef = CF78B2962D33277A00F9100E /* UnsplashService.swift */; };
		CF78B2AD2D33277A00F9100E /* CategoryDetailView.swift in Sources */ = {isa = PBXBuildFile; fileRef = CF78B2A22D33277A00F9100E /* CategoryDetailView.swift */; };
		CF78B2AE2D33277A00F9100E /* NavigatorView.swift in Sources */ = {isa = PBXBuildFile; fileRef = CF78B2A12D33277A00F9100E /* NavigatorView.swift */; };
		CF78B2AF2D33277A00F9100E /* CategoryView.swift in Sources */ = {isa = PBXBuildFile; fileRef = CF78B29F2D33277A00F9100E /* CategoryView.swift */; };
		CF78B2B02D33277A00F9100E /* QuoteService.swift in Sources */ = {isa = PBXBuildFile; fileRef = CF78B2972D33277A00F9100E /* QuoteService.swift */; };
		CF78B2B12D33277A00F9100E /* InspirationImageView.swift in Sources */ = {isa = PBXBuildFile; fileRef = CF78B29B2D33277A00F9100E /* InspirationImageView.swift */; };
		CF78B2B22D33277A00F9100E /* InspirationView.swift in Sources */ = {isa = PBXBuildFile; fileRef = CF78B29D2D33277A00F9100E /* InspirationView.swift */; };
		CF78B2B32D33277A00F9100E /* UnsplashImage.swift in Sources */ = {isa = PBXBuildFile; fileRef = CF78B2922D33277A00F9100E /* UnsplashImage.swift */; };
		CF78B2B42D33277A00F9100E /* QuoteView.swift in Sources */ = {isa = PBXBuildFile; fileRef = CF78B29E2D33277A00F9100E /* QuoteView.swift */; };
		CF78B2B52D33277A00F9100E /* CategoryService.swift in Sources */ = {isa = PBXBuildFile; fileRef = CF78B2982D33277A00F9100E /* CategoryService.swift */; };
		CF78B2B62D33277A00F9100E /* Author.swift in Sources */ = {isa = PBXBuildFile; fileRef = CF78B2942D33277A00F9100E /* Author.swift */; };
/* End PBXBuildFile section */

/* Begin PBXFileReference section */
		CF78B27D2D3326BB00F9100E /* Quotely.app */ = {isa = PBXFileReference; explicitFileType = wrapper.application; includeInIndex = 0; path = Quotely.app; sourceTree = BUILT_PRODUCTS_DIR; };
		CF78B2802D3326BB00F9100E /* QuotelyApp.swift */ = {isa = PBXFileReference; lastKnownFileType = sourcecode.swift; path = QuotelyApp.swift; sourceTree = "<group>"; };
		CF78B2842D3326BC00F9100E /* Assets.xcassets */ = {isa = PBXFileReference; lastKnownFileType = folder.assetcatalog; path = Assets.xcassets; sourceTree = "<group>"; };
		CF78B2922D33277A00F9100E /* UnsplashImage.swift */ = {isa = PBXFileReference; lastKnownFileType = sourcecode.swift; path = UnsplashImage.swift; sourceTree = "<group>"; };
		CF78B2932D33277A00F9100E /* Quote.swift */ = {isa = PBXFileReference; lastKnownFileType = sourcecode.swift; path = Quote.swift; sourceTree = "<group>"; };
		CF78B2942D33277A00F9100E /* Author.swift */ = {isa = PBXFileReference; lastKnownFileType = sourcecode.swift; path = Author.swift; sourceTree = "<group>"; };
		CF78B2962D33277A00F9100E /* UnsplashService.swift */ = {isa = PBXFileReference; lastKnownFileType = sourcecode.swift; path = UnsplashService.swift; sourceTree = "<group>"; };
		CF78B2972D33277A00F9100E /* QuoteService.swift */ = {isa = PBXFileReference; lastKnownFileType = sourcecode.swift; path = QuoteService.swift; sourceTree = "<group>"; };
		CF78B2982D33277A00F9100E /* CategoryService.swift */ = {isa = PBXFileReference; lastKnownFileType = sourcecode.swift; path = CategoryService.swift; sourceTree = "<group>"; };
		CF78B2992D33277A00F9100E /* AuthorService.swift */ = {isa = PBXFileReference; lastKnownFileType = sourcecode.swift; path = AuthorService.swift; sourceTree = "<group>"; };
		CF78B29B2D33277A00F9100E /* InspirationImageView.swift */ = {isa = PBXFileReference; lastKnownFileType = sourcecode.swift; path = InspirationImageView.swift; sourceTree = "<group>"; };
		CF78B29C2D33277A00F9100E /* AuthorListView.swift */ = {isa = PBXFileReference; lastKnownFileType = sourcecode.swift; path = AuthorListView.swift; sourceTree = "<group>"; };
		CF78B29D2D33277A00F9100E /* InspirationView.swift */ = {isa = PBXFileReference; lastKnownFileType = sourcecode.swift; path = InspirationView.swift; sourceTree = "<group>"; };
		CF78B29E2D33277A00F9100E /* QuoteView.swift */ = {isa = PBXFileReference; lastKnownFileType = sourcecode.swift; path = QuoteView.swift; sourceTree = "<group>"; };
		CF78B29F2D33277A00F9100E /* CategoryView.swift */ = {isa = PBXFileReference; lastKnownFileType = sourcecode.swift; path = CategoryView.swift; sourceTree = "<group>"; };
		CF78B2A02D33277A00F9100E /* AuthorDetailView.swift */ = {isa = PBXFileReference; lastKnownFileType = sourcecode.swift; path = AuthorDetailView.swift; sourceTree = "<group>"; };
		CF78B2A12D33277A00F9100E /* NavigatorView.swift */ = {isa = PBXFileReference; lastKnownFileType = sourcecode.swift; path = NavigatorView.swift; sourceTree = "<group>"; };
		CF78B2A22D33277A00F9100E /* CategoryDetailView.swift */ = {isa = PBXFileReference; lastKnownFileType = sourcecode.swift; path = CategoryDetailView.swift; sourceTree = "<group>"; };
		CF78B2A32D33277A00F9100E /* ErrorView.swift */ = {isa = PBXFileReference; lastKnownFileType = sourcecode.swift; path = ErrorView.swift; sourceTree = "<group>"; };
		CF78B2A52D33277A00F9100E /* Info.plist */ = {isa = PBXFileReference; lastKnownFileType = text.plist.xml; path = Info.plist; sourceTree = "<group>"; };
/* End PBXFileReference section */

/* Begin PBXFileSystemSynchronizedRootGroup section */
		CF78B2902D3326DC00F9100E /* Preview Content */ = {
			isa = PBXFileSystemSynchronizedRootGroup;
			path = "Preview Content";
			sourceTree = "<group>";
		};
/* End PBXFileSystemSynchronizedRootGroup section */

/* Begin PBXFrameworksBuildPhase section */
		CF78B27A2D3326BB00F9100E /* Frameworks */ = {
			isa = PBXFrameworksBuildPhase;
			buildActionMask = 2147483647;
			files = (
			);
			runOnlyForDeploymentPostprocessing = 0;
		};
/* End PBXFrameworksBuildPhase section */

/* Begin PBXGroup section */
		CF78B2742D3326BB00F9100E = {
			isa = PBXGroup;
			children = (
				CF78B28E2D3326CC00F9100E /* Quotely */,
				CF78B27E2D3326BB00F9100E /* Products */,
			);
			sourceTree = "<group>";
		};
		CF78B27E2D3326BB00F9100E /* Products */ = {
			isa = PBXGroup;
			children = (
				CF78B27D2D3326BB00F9100E /* Quotely.app */,
			);
			name = Products;
			sourceTree = "<group>";
		};
		CF78B28E2D3326CC00F9100E /* Quotely */ = {
			isa = PBXGroup;
			children = (
				CF78B2952D33277A00F9100E /* Models */,
				CF78B29A2D33277A00F9100E /* Utils */,
				CF78B2A42D33277A00F9100E /* Views */,
				CF78B2A52D33277A00F9100E /* Info.plist */,
				CF78B2842D3326BC00F9100E /* Assets.xcassets */,
				CF78B2802D3326BB00F9100E /* QuotelyApp.swift */,
				CF78B2902D3326DC00F9100E /* Preview Content */,
			);
			path = Quotely;
			sourceTree = "<group>";
		};
		CF78B2952D33277A00F9100E /* Models */ = {
			isa = PBXGroup;
			children = (
				CF78B2922D33277A00F9100E /* UnsplashImage.swift */,
				CF78B2932D33277A00F9100E /* Quote.swift */,
				CF78B2942D33277A00F9100E /* Author.swift */,
			);
			path = Models;
			sourceTree = "<group>";
		};
		CF78B29A2D33277A00F9100E /* Utils */ = {
			isa = PBXGroup;
			children = (
				CF78B2962D33277A00F9100E /* UnsplashService.swift */,
				CF78B2972D33277A00F9100E /* QuoteService.swift */,
				CF78B2982D33277A00F9100E /* CategoryService.swift */,
				CF78B2992D33277A00F9100E /* AuthorService.swift */,
			);
			path = Utils;
			sourceTree = "<group>";
		};
		CF78B2A42D33277A00F9100E /* Views */ = {
			isa = PBXGroup;
			children = (
				CF78B29B2D33277A00F9100E /* InspirationImageView.swift */,
				CF78B29C2D33277A00F9100E /* AuthorListView.swift */,
				CF78B29D2D33277A00F9100E /* InspirationView.swift */,
				CF78B29E2D33277A00F9100E /* QuoteView.swift */,
				CF78B29F2D33277A00F9100E /* CategoryView.swift */,
				CF78B2A02D33277A00F9100E /* AuthorDetailView.swift */,
				CF78B2A12D33277A00F9100E /* NavigatorView.swift */,
				CF78B2A22D33277A00F9100E /* CategoryDetailView.swift */,
				CF78B2A32D33277A00F9100E /* ErrorView.swift */,
			);
			path = Views;
			sourceTree = "<group>";
		};
/* End PBXGroup section */

/* Begin PBXNativeTarget section */
		CF78B27C2D3326BB00F9100E /* Quotely */ = {
			isa = PBXNativeTarget;
			buildConfigurationList = CF78B28B2D3326BC00F9100E /* Build configuration list for PBXNativeTarget "Quotely" */;
			buildPhases = (
				CF78B2792D3326BB00F9100E /* Sources */,
				CF78B27A2D3326BB00F9100E /* Frameworks */,
				CF78B27B2D3326BB00F9100E /* Resources */,
			);
			buildRules = (
			);
			dependencies = (
			);
			fileSystemSynchronizedGroups = (
				CF78B2902D3326DC00F9100E /* Preview Content */,
			);
			name = Quotely;
			packageProductDependencies = (
			);
			productName = Quotely;
			productReference = CF78B27D2D3326BB00F9100E /* Quotely.app */;
			productType = "com.apple.product-type.application";
		};
/* End PBXNativeTarget section */

/* Begin PBXProject section */
		CF78B2752D3326BB00F9100E /* Project object */ = {
			isa = PBXProject;
			attributes = {
				BuildIndependentTargetsInParallel = 1;
				LastSwiftUpdateCheck = 1620;
				LastUpgradeCheck = 1620;
				TargetAttributes = {
					CF78B27C2D3326BB00F9100E = {
						CreatedOnToolsVersion = 16.2;
					};
				};
			};
			buildConfigurationList = CF78B2782D3326BB00F9100E /* Build configuration list for PBXProject "Quotely" */;
			developmentRegion = en;
			hasScannedForEncodings = 0;
			knownRegions = (
				en,
				Base,
			);
			mainGroup = CF78B2742D3326BB00F9100E;
			minimizedProjectReferenceProxies = 1;
			preferredProjectObjectVersion = 77;
			productRefGroup = CF78B27E2D3326BB00F9100E /* Products */;
			projectDirPath = "";
			projectRoot = "";
			targets = (
				CF78B27C2D3326BB00F9100E /* Quotely */,
			);
		};
/* End PBXProject section */

/* Begin PBXResourcesBuildPhase section */
		CF78B27B2D3326BB00F9100E /* Resources */ = {
			isa = PBXResourcesBuildPhase;
			buildActionMask = 2147483647;
			files = (
				CF78B2852D3326BC00F9100E /* Assets.xcassets in Resources */,
				CF78B2A62D33277A00F9100E /* Info.plist in Resources */,
			);
			runOnlyForDeploymentPostprocessing = 0;
		};
/* End PBXResourcesBuildPhase section */

/* Begin PBXSourcesBuildPhase section */
		CF78B2792D3326BB00F9100E /* Sources */ = {
			isa = PBXSourcesBuildPhase;
			buildActionMask = 2147483647;
			files = (
				CF78B2812D3326BB00F9100E /* QuotelyApp.swift in Sources */,
				CF78B2A72D33277A00F9100E /* AuthorDetailView.swift in Sources */,
				CF78B2A82D33277A00F9100E /* Quote.swift in Sources */,
				CF78B2A92D33277A00F9100E /* AuthorListView.swift in Sources */,
				CF78B2AA2D33277A00F9100E /* ErrorView.swift in Sources */,
				CF78B2AB2D33277A00F9100E /* AuthorService.swift in Sources */,
				CF78B2AC2D33277A00F9100E /* UnsplashService.swift in Sources */,
				CF78B2AD2D33277A00F9100E /* CategoryDetailView.swift in Sources */,
				CF78B2AE2D33277A00F9100E /* NavigatorView.swift in Sources */,
				CF78B2AF2D33277A00F9100E /* CategoryView.swift in Sources */,
				CF78B2B02D33277A00F9100E /* QuoteService.swift in Sources */,
				CF78B2B12D33277A00F9100E /* InspirationImageView.swift in Sources */,
				CF78B2B22D33277A00F9100E /* InspirationView.swift in Sources */,
				CF78B2B32D33277A00F9100E /* UnsplashImage.swift in Sources */,
				CF78B2B42D33277A00F9100E /* QuoteView.swift in Sources */,
				CF78B2B52D33277A00F9100E /* CategoryService.swift in Sources */,
				CF78B2B62D33277A00F9100E /* Author.swift in Sources */,
			);
			runOnlyForDeploymentPostprocessing = 0;
		};
/* End PBXSourcesBuildPhase section */

/* Begin XCBuildConfiguration section */
		CF78B2892D3326BC00F9100E /* Debug */ = {
			isa = XCBuildConfiguration;
			buildSettings = {
				ALWAYS_SEARCH_USER_PATHS = NO;
				ASSETCATALOG_COMPILER_GENERATE_SWIFT_ASSET_SYMBOL_EXTENSIONS = YES;
				CLANG_ANALYZER_NONNULL = YES;
				CLANG_ANALYZER_NUMBER_OBJECT_CONVERSION = YES_AGGRESSIVE;
				CLANG_CXX_LANGUAGE_STANDARD = "gnu++20";
				CLANG_ENABLE_MODULES = YES;
				CLANG_ENABLE_OBJC_ARC = YES;
				CLANG_ENABLE_OBJC_WEAK = YES;
				CLANG_WARN_BLOCK_CAPTURE_AUTORELEASING = YES;
				CLANG_WARN_BOOL_CONVERSION = YES;
				CLANG_WARN_COMMA = YES;
				CLANG_WARN_CONSTANT_CONVERSION = YES;
				CLANG_WARN_DEPRECATED_OBJC_IMPLEMENTATIONS = YES;
				CLANG_WARN_DIRECT_OBJC_ISA_USAGE = YES_ERROR;
				CLANG_WARN_DOCUMENTATION_COMMENTS = YES;
				CLANG_WARN_EMPTY_BODY = YES;
				CLANG_WARN_ENUM_CONVERSION = YES;
				CLANG_WARN_INFINITE_RECURSION = YES;
				CLANG_WARN_INT_CONVERSION = YES;
				CLANG_WARN_NON_LITERAL_NULL_CONVERSION = YES;
				CLANG_WARN_OBJC_IMPLICIT_RETAIN_SELF = YES;
				CLANG_WARN_OBJC_LITERAL_CONVERSION = YES;
				CLANG_WARN_OBJC_ROOT_CLASS = YES_ERROR;
				CLANG_WARN_QUOTED_INCLUDE_IN_FRAMEWORK_HEADER = YES;
				CLANG_WARN_RANGE_LOOP_ANALYSIS = YES;
				CLANG_WARN_STRICT_PROTOTYPES = YES;
				CLANG_WARN_SUSPICIOUS_MOVE = YES;
				CLANG_WARN_UNGUARDED_AVAILABILITY = YES_AGGRESSIVE;
				CLANG_WARN_UNREACHABLE_CODE = YES;
				CLANG_WARN__DUPLICATE_METHOD_MATCH = YES;
				COPY_PHASE_STRIP = NO;
				DEBUG_INFORMATION_FORMAT = dwarf;
				ENABLE_STRICT_OBJC_MSGSEND = YES;
				ENABLE_TESTABILITY = YES;
				ENABLE_USER_SCRIPT_SANDBOXING = YES;
				GCC_C_LANGUAGE_STANDARD = gnu17;
				GCC_DYNAMIC_NO_PIC = NO;
				GCC_NO_COMMON_BLOCKS = YES;
				GCC_OPTIMIZATION_LEVEL = 0;
				GCC_PREPROCESSOR_DEFINITIONS = (
					"DEBUG=1",
					"$(inherited)",
				);
				GCC_WARN_64_TO_32_BIT_CONVERSION = YES;
				GCC_WARN_ABOUT_RETURN_TYPE = YES_ERROR;
				GCC_WARN_UNDECLARED_SELECTOR = YES;
				GCC_WARN_UNINITIALIZED_AUTOS = YES_AGGRESSIVE;
				GCC_WARN_UNUSED_FUNCTION = YES;
				GCC_WARN_UNUSED_VARIABLE = YES;
				IPHONEOS_DEPLOYMENT_TARGET = 18.2;
				LOCALIZATION_PREFERS_STRING_CATALOGS = YES;
				MTL_ENABLE_DEBUG_INFO = INCLUDE_SOURCE;
				MTL_FAST_MATH = YES;
				ONLY_ACTIVE_ARCH = YES;
				SDKROOT = iphoneos;
				SWIFT_ACTIVE_COMPILATION_CONDITIONS = "DEBUG $(inherited)";
				SWIFT_OPTIMIZATION_LEVEL = "-Onone";
			};
			name = Debug;
		};
		CF78B28A2D3326BC00F9100E /* Release */ = {
			isa = XCBuildConfiguration;
			buildSettings = {
				ALWAYS_SEARCH_USER_PATHS = NO;
				ASSETCATALOG_COMPILER_GENERATE_SWIFT_ASSET_SYMBOL_EXTENSIONS = YES;
				CLANG_ANALYZER_NONNULL = YES;
				CLANG_ANALYZER_NUMBER_OBJECT_CONVERSION = YES_AGGRESSIVE;
				CLANG_CXX_LANGUAGE_STANDARD = "gnu++20";
				CLANG_ENABLE_MODULES = YES;
				CLANG_ENABLE_OBJC_ARC = YES;
				CLANG_ENABLE_OBJC_WEAK = YES;
				CLANG_WARN_BLOCK_CAPTURE_AUTORELEASING = YES;
				CLANG_WARN_BOOL_CONVERSION = YES;
				CLANG_WARN_COMMA = YES;
				CLANG_WARN_CONSTANT_CONVERSION = YES;
				CLANG_WARN_DEPRECATED_OBJC_IMPLEMENTATIONS = YES;
				CLANG_WARN_DIRECT_OBJC_ISA_USAGE = YES_ERROR;
				CLANG_WARN_DOCUMENTATION_COMMENTS = YES;
				CLANG_WARN_EMPTY_BODY = YES;
				CLANG_WARN_ENUM_CONVERSION = YES;
				CLANG_WARN_INFINITE_RECURSION = YES;
				CLANG_WARN_INT_CONVERSION = YES;
				CLANG_WARN_NON_LITERAL_NULL_CONVERSION = YES;
				CLANG_WARN_OBJC_IMPLICIT_RETAIN_SELF = YES;
				CLANG_WARN_OBJC_LITERAL_CONVERSION = YES;
				CLANG_WARN_OBJC_ROOT_CLASS = YES_ERROR;
				CLANG_WARN_QUOTED_INCLUDE_IN_FRAMEWORK_HEADER = YES;
				CLANG_WARN_RANGE_LOOP_ANALYSIS = YES;
				CLANG_WARN_STRICT_PROTOTYPES = YES;
				CLANG_WARN_SUSPICIOUS_MOVE = YES;
				CLANG_WARN_UNGUARDED_AVAILABILITY = YES_AGGRESSIVE;
				CLANG_WARN_UNREACHABLE_CODE = YES;
				CLANG_WARN__DUPLICATE_METHOD_MATCH = YES;
				COPY_PHASE_STRIP = NO;
				DEBUG_INFORMATION_FORMAT = "dwarf-with-dsym";
				ENABLE_NS_ASSERTIONS = NO;
				ENABLE_STRICT_OBJC_MSGSEND = YES;
				ENABLE_USER_SCRIPT_SANDBOXING = YES;
				GCC_C_LANGUAGE_STANDARD = gnu17;
				GCC_NO_COMMON_BLOCKS = YES;
				GCC_WARN_64_TO_32_BIT_CONVERSION = YES;
				GCC_WARN_ABOUT_RETURN_TYPE = YES_ERROR;
				GCC_WARN_UNDECLARED_SELECTOR = YES;
				GCC_WARN_UNINITIALIZED_AUTOS = YES_AGGRESSIVE;
				GCC_WARN_UNUSED_FUNCTION = YES;
				GCC_WARN_UNUSED_VARIABLE = YES;
				IPHONEOS_DEPLOYMENT_TARGET = 18.2;
				LOCALIZATION_PREFERS_STRING_CATALOGS = YES;
				MTL_ENABLE_DEBUG_INFO = NO;
				MTL_FAST_MATH = YES;
				SDKROOT = iphoneos;
				SWIFT_COMPILATION_MODE = wholemodule;
				VALIDATE_PRODUCT = YES;
			};
			name = Release;
		};
		CF78B28C2D3326BC00F9100E /* Debug */ = {
			isa = XCBuildConfiguration;
			buildSettings = {
				ASSETCATALOG_COMPILER_APPICON_NAME = AppIcon;
				ASSETCATALOG_COMPILER_GLOBAL_ACCENT_COLOR_NAME = AccentColor;
				ASSETCATALOG_COMPILER_INCLUDE_ALL_APPICON_ASSETS = NO;
				CODE_SIGN_STYLE = Automatic;
				CURRENT_PROJECT_VERSION = 1;
				DEVELOPMENT_ASSET_PATHS = "\"Quotely/Preview Content\"";
				DEVELOPMENT_TEAM = 6852L788XV;
				ENABLE_PREVIEWS = YES;
				GENERATE_INFOPLIST_FILE = YES;
				INFOPLIST_KEY_UIApplicationSceneManifest_Generation = YES;
				INFOPLIST_KEY_UIApplicationSupportsIndirectInputEvents = YES;
				INFOPLIST_KEY_UILaunchScreen_Generation = YES;
				INFOPLIST_KEY_UISupportedInterfaceOrientations = UIInterfaceOrientationPortrait;
				IPHONEOS_DEPLOYMENT_TARGET = 17.6;
				LD_RUNPATH_SEARCH_PATHS = (
					"$(inherited)",
					"@executable_path/Frameworks",
				);
				MARKETING_VERSION = 1.0;
				PRODUCT_BUNDLE_IDENTIFIER = "de.syntax-institut.Quotely";
				PRODUCT_NAME = "$(TARGET_NAME)";
				SUPPORTED_PLATFORMS = "iphoneos iphonesimulator";
				SUPPORTS_MACCATALYST = NO;
				SUPPORTS_MAC_DESIGNED_FOR_IPHONE_IPAD = NO;
				SUPPORTS_XR_DESIGNED_FOR_IPHONE_IPAD = NO;
				SWIFT_EMIT_LOC_STRINGS = YES;
				SWIFT_VERSION = 5.0;
				TARGETED_DEVICE_FAMILY = 1;
			};
			name = Debug;
		};
		CF78B28D2D3326BC00F9100E /* Release */ = {
			isa = XCBuildConfiguration;
			buildSettings = {
				ASSETCATALOG_COMPILER_APPICON_NAME = AppIcon;
				ASSETCATALOG_COMPILER_GLOBAL_ACCENT_COLOR_NAME = AccentColor;
				ASSETCATALOG_COMPILER_INCLUDE_ALL_APPICON_ASSETS = NO;
				CODE_SIGN_STYLE = Automatic;
				CURRENT_PROJECT_VERSION = 1;
				DEVELOPMENT_ASSET_PATHS = "\"Quotely/Preview Content\"";
				DEVELOPMENT_TEAM = 6852L788XV;
				ENABLE_PREVIEWS = YES;
				GENERATE_INFOPLIST_FILE = YES;
				INFOPLIST_KEY_UIApplicationSceneManifest_Generation = YES;
				INFOPLIST_KEY_UIApplicationSupportsIndirectInputEvents = YES;
				INFOPLIST_KEY_UILaunchScreen_Generation = YES;
				INFOPLIST_KEY_UISupportedInterfaceOrientations = UIInterfaceOrientationPortrait;
				IPHONEOS_DEPLOYMENT_TARGET = 17.6;
				LD_RUNPATH_SEARCH_PATHS = (
					"$(inherited)",
					"@executable_path/Frameworks",
				);
				MARKETING_VERSION = 1.0;
				PRODUCT_BUNDLE_IDENTIFIER = "de.syntax-institut.Quotely";
				PRODUCT_NAME = "$(TARGET_NAME)";
				SUPPORTED_PLATFORMS = "iphoneos iphonesimulator";
				SUPPORTS_MACCATALYST = NO;
				SUPPORTS_MAC_DESIGNED_FOR_IPHONE_IPAD = NO;
				SUPPORTS_XR_DESIGNED_FOR_IPHONE_IPAD = NO;
				SWIFT_EMIT_LOC_STRINGS = YES;
				SWIFT_VERSION = 5.0;
				TARGETED_DEVICE_FAMILY = 1;
			};
			name = Release;
		};
/* End XCBuildConfiguration section */

/* Begin XCConfigurationList section */
		CF78B2782D3326BB00F9100E /* Build configuration list for PBXProject "Quotely" */ = {
			isa = XCConfigurationList;
			buildConfigurations = (
				CF78B2892D3326BC00F9100E /* Debug */,
				CF78B28A2D3326BC00F9100E /* Release */,
			);
			defaultConfigurationIsVisible = 0;
			defaultConfigurationName = Release;
		};
		CF78B28B2D3326BC00F9100E /* Build configuration list for PBXNativeTarget "Quotely" */ = {
			isa = XCConfigurationList;
			buildConfigurations = (
				CF78B28C2D3326BC00F9100E /* Debug */,
				CF78B28D2D3326BC00F9100E /* Release */,
			);
			defaultConfigurationIsVisible = 0;
			defaultConfigurationName = Release;
		};
/* End XCConfigurationList section */
	};
	rootObject = CF78B2752D3326BB00F9100E /* Project object */;
}
